
Microsoft Visual Studio Solution File, Format Version 12.00
# Visual Studio 2013
VisualStudioVersion = 12.0.21005.1
MinimumVisualStudioVersion = 10.0.40219.1
Project("{2150E333-8FDC-42A3-9474-1A3956D46DE8}") = "WebPortal", "WebPortal", "{EBB529B5-E320-447E-BE9F-8F832AB5673E}"
EndProject
Project("{2150E333-8FDC-42A3-9474-1A3956D46DE8}") = "Implement", "Implement", "{2DC6741B-D557-4040-BCF0-55B35C7D49B1}"
EndProject
Project("{2150E333-8FDC-42A3-9474-1A3956D46DE8}") = "Interface", "Interface", "{8CF5F924-46B4-4BCC-B56C-E6B746DDAAE5}"
EndProject
Project("{2150E333-8FDC-42A3-9474-1A3956D46DE8}") = "Model", "Model", "{15F9D82F-6F67-411D-B7A0-7FC781E94B0F}"
EndProject
Project("{FAE04EC0-301F-11D3-BF4B-00C04F79EFBC}") = "QINGUO.IDAL", "Aspx.IDAL\QINGUO.IDAL.csproj", "{847010A7-9EBE-4206-B75D-A8FDEEFBED4C}"
EndProject
Project("{FAE04EC0-301F-11D3-BF4B-00C04F79EFBC}") = "QINGUO.Factory", "Aspx.Factory\QINGUO.Factory.csproj", "{D9FE440C-4A6F-4AC3-A7CC-9E443E301022}"
EndProject
Project("{FAE04EC0-301F-11D3-BF4B-00C04F79EFBC}") = "QINGUO.DAL", "Aspx.DataAccess\QINGUO.DAL.csproj", "{7B62C664-A3E5-468E-ADCC-E814812EA0BD}"
EndProject
Project("{FAE04EC0-301F-11D3-BF4B-00C04F79EFBC}") = "QINGUO.BLL", "Aspx.Business\QINGUO.BLL.csproj", "{6DF7433C-EAE9-4ADA-9C0F-64326F2B25CF}"
EndProject
Project("{FAE04EC0-301F-11D3-BF4B-00C04F79EFBC}") = "QINGUO.DataAccessBase", "Aspx.DataAccessBase\QINGUO.DataAccessBase.csproj", "{C9047A67-4BE1-4967-A2BC-10F82A211085}"
EndProject
Project("{FAE04EC0-301F-11D3-BF4B-00C04F79EFBC}") = "QINGUO.DapperAccessBase", "Aspx.DapperAccessBase\QINGUO.DapperAccessBase.csproj", "{B436ED0F-9DEF-4720-AF30-B1C01B6FABB2}"
EndProject
Project("{FAE04EC0-301F-11D3-BF4B-00C04F79EFBC}") = "WebPortalAdmin", "WebPortalAdmin\WebPortalAdmin.csproj", "{1D6D6C5E-5FEA-437C-A81A-FE541BCBE6DA}"
EndProject
Project("{2150E333-8FDC-42A3-9474-1A3956D46DE8}") = "Quart", "Quart", "{69C22493-AA6A-4A52-AE78-3BB13FDF6EE4}"
EndProject
Project("{FAE04EC0-301F-11D3-BF4B-00C04F79EFBC}") = "QINGUO.QuartService", "Aspx.QuartService\QINGUO.QuartService.csproj", "{269FD226-C47D-4027-B8EF-2DB00C8BDBFB}"
EndProject
Project("{2150E333-8FDC-42A3-9474-1A3956D46DE8}") = "Aspx.Common", "Aspx.Common", "{70E52918-E5BA-4470-986F-6A853FD98DA5}"
EndProject
Project("{FAE04EC0-301F-11D3-BF4B-00C04F79EFBC}") = "QINGUO.Model", "QINGUO.Model\QINGUO.Model.csproj", "{D8D1450F-BB50-49CE-BF13-4563DF593356}"
EndProject
Project("{FAE04EC0-301F-11D3-BF4B-00C04F79EFBC}") = "QINGUO.ViewModel", "QINGUO.ViewModel\QINGUO.ViewModel.csproj", "{BADFF8E8-3EA2-4BAF-98F6-362F4B7410F0}"
EndProject
Project("{FAE04EC0-301F-11D3-BF4B-00C04F79EFBC}") = "WebApp", "WebApp\WebApp.csproj", "{F8EF3FF4-BFAB-449B-AE89-791FA1BE2070}"
EndProject
Project("{FAE04EC0-301F-11D3-BF4B-00C04F79EFBC}") = "QINGUO.Common", "..\..\..\QINGUO.Common\QINGUO.Common.csproj", "{A6B494E6-7B95-486E-913A-602D7FF475D8}"
EndProject
Global
	GlobalSection(SolutionConfigurationPlatforms) = preSolution
		Debug|Any CPU = Debug|Any CPU
		Debug|Mixed Platforms = Debug|Mixed Platforms
		Debug|x86 = Debug|x86
		Release|Any CPU = Release|Any CPU
		Release|Mixed Platforms = Release|Mixed Platforms
		Release|x86 = Release|x86
	EndGlobalSection
	GlobalSection(ProjectConfigurationPlatforms) = postSolution
		{847010A7-9EBE-4206-B75D-A8FDEEFBED4C}.Debug|Any CPU.ActiveCfg = Debug|Any CPU
		{847010A7-9EBE-4206-B75D-A8FDEEFBED4C}.Debug|Any CPU.Build.0 = Debug|Any CPU
		{847010A7-9EBE-4206-B75D-A8FDEEFBED4C}.Debug|Mixed Platforms.ActiveCfg = Debug|Any CPU
		{847010A7-9EBE-4206-B75D-A8FDEEFBED4C}.Debug|Mixed Platforms.Build.0 = Debug|Any CPU
		{847010A7-9EBE-4206-B75D-A8FDEEFBED4C}.Debug|x86.ActiveCfg = Debug|Any CPU
		{847010A7-9EBE-4206-B75D-A8FDEEFBED4C}.Release|Any CPU.ActiveCfg = Release|Any CPU
		{847010A7-9EBE-4206-B75D-A8FDEEFBED4C}.Release|Any CPU.Build.0 = Release|Any CPU
		{847010A7-9EBE-4206-B75D-A8FDEEFBED4C}.Release|Mixed Platforms.ActiveCfg = Release|Any CPU
		{847010A7-9EBE-4206-B75D-A8FDEEFBED4C}.Release|Mixed Platforms.Build.0 = Release|Any CPU
		{847010A7-9EBE-4206-B75D-A8FDEEFBED4C}.Release|x86.ActiveCfg = Release|Any CPU
		{D9FE440C-4A6F-4AC3-A7CC-9E443E301022}.Debug|Any CPU.ActiveCfg = Debug|Any CPU
		{D9FE440C-4A6F-4AC3-A7CC-9E443E301022}.Debug|Any CPU.Build.0 = Debug|Any CPU
		{D9FE440C-4A6F-4AC3-A7CC-9E443E301022}.Debug|Mixed Platforms.ActiveCfg = Debug|Any CPU
		{D9FE440C-4A6F-4AC3-A7CC-9E443E301022}.Debug|Mixed Platforms.Build.0 = Debug|Any CPU
		{D9FE440C-4A6F-4AC3-A7CC-9E443E301022}.Debug|x86.ActiveCfg = Debug|Any CPU
		{D9FE440C-4A6F-4AC3-A7CC-9E443E301022}.Release|Any CPU.ActiveCfg = Release|Any CPU
		{D9FE440C-4A6F-4AC3-A7CC-9E443E301022}.Release|Any CPU.Build.0 = Release|Any CPU
		{D9FE440C-4A6F-4AC3-A7CC-9E443E301022}.Release|Mixed Platforms.ActiveCfg = Release|Any CPU
		{D9FE440C-4A6F-4AC3-A7CC-9E443E301022}.Release|Mixed Platforms.Build.0 = Release|Any CPU
		{D9FE440C-4A6F-4AC3-A7CC-9E443E301022}.Release|x86.ActiveCfg = Release|Any CPU
		{7B62C664-A3E5-468E-ADCC-E814812EA0BD}.Debug|Any CPU.ActiveCfg = Debug|Any CPU
		{7B62C664-A3E5-468E-ADCC-E814812EA0BD}.Debug|Any CPU.Build.0 = Debug|Any CPU
		{7B62C664-A3E5-468E-ADCC-E814812EA0BD}.Debug|Mixed Platforms.ActiveCfg = Debug|Any CPU
		{7B62C664-A3E5-468E-ADCC-E814812EA0BD}.Debug|Mixed Platforms.Build.0 = Debug|Any CPU
		{7B62C664-A3E5-468E-ADCC-E814812EA0BD}.Debug|x86.ActiveCfg = Debug|Any CPU
		{7B62C664-A3E5-468E-ADCC-E814812EA0BD}.Release|Any CPU.ActiveCfg = Release|Any CPU
		{7B62C664-A3E5-468E-ADCC-E814812EA0BD}.Release|Any CPU.Build.0 = Release|Any CPU
		{7B62C664-A3E5-468E-ADCC-E814812EA0BD}.Release|Mixed Platforms.ActiveCfg = Release|Any CPU
		{7B62C664-A3E5-468E-ADCC-E814812EA0BD}.Release|Mixed Platforms.Build.0 = Release|Any CPU
		{7B62C664-A3E5-468E-ADCC-E814812EA0BD}.Release|x86.ActiveCfg = Release|Any CPU
		{6DF7433C-EAE9-4ADA-9C0F-64326F2B25CF}.Debug|Any CPU.ActiveCfg = Debug|Any CPU
		{6DF7433C-EAE9-4ADA-9C0F-64326F2B25CF}.Debug|Any CPU.Build.0 = Debug|Any CPU
		{6DF7433C-EAE9-4ADA-9C0F-64326F2B25CF}.Debug|Mixed Platforms.ActiveCfg = Debug|Any CPU
		{6DF7433C-EAE9-4ADA-9C0F-64326F2B25CF}.Debug|Mixed Platforms.Build.0 = Debug|Any CPU
		{6DF7433C-EAE9-4ADA-9C0F-64326F2B25CF}.Debug|x86.ActiveCfg = Debug|Any CPU
		{6DF7433C-EAE9-4ADA-9C0F-64326F2B25CF}.Release|Any CPU.ActiveCfg = Release|Any CPU
		{6DF7433C-EAE9-4ADA-9C0F-64326F2B25CF}.Release|Any CPU.Build.0 = Release|Any CPU
		{6DF7433C-EAE9-4ADA-9C0F-64326F2B25CF}.Release|Mixed Platforms.ActiveCfg = Release|Any CPU
		{6DF7433C-EAE9-4ADA-9C0F-64326F2B25CF}.Release|Mixed Platforms.Build.0 = Release|Any CPU
		{6DF7433C-EAE9-4ADA-9C0F-64326F2B25CF}.Release|x86.ActiveCfg = Release|Any CPU
		{C9047A67-4BE1-4967-A2BC-10F82A211085}.Debug|Any CPU.ActiveCfg = Debug|Any CPU
		{C9047A67-4BE1-4967-A2BC-10F82A211085}.Debug|Any CPU.Build.0 = Debug|Any CPU
		{C9047A67-4BE1-4967-A2BC-10F82A211085}.Debug|Mixed Platforms.ActiveCfg = Debug|Any CPU
		{C9047A67-4BE1-4967-A2BC-10F82A211085}.Debug|Mixed Platforms.Build.0 = Debug|Any CPU
		{C9047A67-4BE1-4967-A2BC-10F82A211085}.Debug|x86.ActiveCfg = Debug|Any CPU
		{C9047A67-4BE1-4967-A2BC-10F82A211085}.Release|Any CPU.ActiveCfg = Release|Any CPU
		{C9047A67-4BE1-4967-A2BC-10F82A211085}.Release|Any CPU.Build.0 = Release|Any CPU
		{C9047A67-4BE1-4967-A2BC-10F82A211085}.Release|Mixed Platforms.ActiveCfg = Release|Any CPU
		{C9047A67-4BE1-4967-A2BC-10F82A211085}.Release|Mixed Platforms.Build.0 = Release|Any CPU
		{C9047A67-4BE1-4967-A2BC-10F82A211085}.Release|x86.ActiveCfg = Release|Any CPU
		{B436ED0F-9DEF-4720-AF30-B1C01B6FABB2}.Debug|Any CPU.ActiveCfg = Debug|Any CPU
		{B436ED0F-9DEF-4720-AF30-B1C01B6FABB2}.Debug|Any CPU.Build.0 = Debug|Any CPU
		{B436ED0F-9DEF-4720-AF30-B1C01B6FABB2}.Debug|Mixed Platforms.ActiveCfg = Debug|Any CPU
		{B436ED0F-9DEF-4720-AF30-B1C01B6FABB2}.Debug|Mixed Platforms.Build.0 = Debug|Any CPU
		{B436ED0F-9DEF-4720-AF30-B1C01B6FABB2}.Debug|x86.ActiveCfg = Debug|Any CPU
		{B436ED0F-9DEF-4720-AF30-B1C01B6FABB2}.Release|Any CPU.ActiveCfg = Release|Any CPU
		{B436ED0F-9DEF-4720-AF30-B1C01B6FABB2}.Release|Any CPU.Build.0 = Release|Any CPU
		{B436ED0F-9DEF-4720-AF30-B1C01B6FABB2}.Release|Mixed Platforms.ActiveCfg = Release|Any CPU
		{B436ED0F-9DEF-4720-AF30-B1C01B6FABB2}.Release|Mixed Platforms.Build.0 = Release|Any CPU
		{B436ED0F-9DEF-4720-AF30-B1C01B6FABB2}.Release|x86.ActiveCfg = Release|Any CPU
		{1D6D6C5E-5FEA-437C-A81A-FE541BCBE6DA}.Debug|Any CPU.ActiveCfg = Debug|Any CPU
		{1D6D6C5E-5FEA-437C-A81A-FE541BCBE6DA}.Debug|Any CPU.Build.0 = Debug|Any CPU
		{1D6D6C5E-5FEA-437C-A81A-FE541BCBE6DA}.Debug|Mixed Platforms.ActiveCfg = Debug|Any CPU
		{1D6D6C5E-5FEA-437C-A81A-FE541BCBE6DA}.Debug|Mixed Platforms.Build.0 = Debug|Any CPU
		{1D6D6C5E-5FEA-437C-A81A-FE541BCBE6DA}.Debug|x86.ActiveCfg = Debug|Any CPU
		{1D6D6C5E-5FEA-437C-A81A-FE541BCBE6DA}.Release|Any CPU.ActiveCfg = Release|Any CPU
		{1D6D6C5E-5FEA-437C-A81A-FE541BCBE6DA}.Release|Any CPU.Build.0 = Release|Any CPU
		{1D6D6C5E-5FEA-437C-A81A-FE541BCBE6DA}.Release|Mixed Platforms.ActiveCfg = Release|Any CPU
		{1D6D6C5E-5FEA-437C-A81A-FE541BCBE6DA}.Release|Mixed Platforms.Build.0 = Release|Any CPU
		{1D6D6C5E-5FEA-437C-A81A-FE541BCBE6DA}.Release|x86.ActiveCfg = Release|Any CPU
		{269FD226-C47D-4027-B8EF-2DB00C8BDBFB}.Debug|Any CPU.ActiveCfg = Debug|x86
		{269FD226-C47D-4027-B8EF-2DB00C8BDBFB}.Debug|Mixed Platforms.ActiveCfg = Debug|x86
		{269FD226-C47D-4027-B8EF-2DB00C8BDBFB}.Debug|Mixed Platforms.Build.0 = Debug|x86
		{269FD226-C47D-4027-B8EF-2DB00C8BDBFB}.Debug|x86.ActiveCfg = Debug|x86
		{269FD226-C47D-4027-B8EF-2DB00C8BDBFB}.Debug|x86.Build.0 = Debug|x86
		{269FD226-C47D-4027-B8EF-2DB00C8BDBFB}.Release|Any CPU.ActiveCfg = Release|x86
		{269FD226-C47D-4027-B8EF-2DB00C8BDBFB}.Release|Mixed Platforms.ActiveCfg = Release|x86
		{269FD226-C47D-4027-B8EF-2DB00C8BDBFB}.Release|Mixed Platforms.Build.0 = Release|x86
		{269FD226-C47D-4027-B8EF-2DB00C8BDBFB}.Release|x86.ActiveCfg = Release|x86
		{269FD226-C47D-4027-B8EF-2DB00C8BDBFB}.Release|x86.Build.0 = Release|x86
		{D8D1450F-BB50-49CE-BF13-4563DF593356}.Debug|Any CPU.ActiveCfg = Debug|Any CPU
		{D8D1450F-BB50-49CE-BF13-4563DF593356}.Debug|Any CPU.Build.0 = Debug|Any CPU
		{D8D1450F-BB50-49CE-BF13-4563DF593356}.Debug|Mixed Platforms.ActiveCfg = Debug|Any CPU
		{D8D1450F-BB50-49CE-BF13-4563DF593356}.Debug|Mixed Platforms.Build.0 = Debug|Any CPU
		{D8D1450F-BB50-49CE-BF13-4563DF593356}.Debug|x86.ActiveCfg = Debug|Any CPU
		{D8D1450F-BB50-49CE-BF13-4563DF593356}.Release|Any CPU.ActiveCfg = Release|Any CPU
		{D8D1450F-BB50-49CE-BF13-4563DF593356}.Release|Any CPU.Build.0 = Release|Any CPU
		{D8D1450F-BB50-49CE-BF13-4563DF593356}.Release|Mixed Platforms.ActiveCfg = Release|Any CPU
		{D8D1450F-BB50-49CE-BF13-4563DF593356}.Release|Mixed Platforms.Build.0 = Release|Any CPU
		{D8D1450F-BB50-49CE-BF13-4563DF593356}.Release|x86.ActiveCfg = Release|Any CPU
		{BADFF8E8-3EA2-4BAF-98F6-362F4B7410F0}.Debug|Any CPU.ActiveCfg = Debug|Any CPU
		{BADFF8E8-3EA2-4BAF-98F6-362F4B7410F0}.Debug|Any CPU.Build.0 = Debug|Any CPU
		{BADFF8E8-3EA2-4BAF-98F6-362F4B7410F0}.Debug|Mixed Platforms.ActiveCfg = Debug|Any CPU
		{BADFF8E8-3EA2-4BAF-98F6-362F4B7410F0}.Debug|Mixed Platforms.Build.0 = Debug|Any CPU
		{BADFF8E8-3EA2-4BAF-98F6-362F4B7410F0}.Debug|x86.ActiveCfg = Debug|Any CPU
		{BADFF8E8-3EA2-4BAF-98F6-362F4B7410F0}.Release|Any CPU.ActiveCfg = Release|Any CPU
		{BADFF8E8-3EA2-4BAF-98F6-362F4B7410F0}.Release|Any CPU.Build.0 = Release|Any CPU
		{BADFF8E8-3EA2-4BAF-98F6-362F4B7410F0}.Release|Mixed Platforms.ActiveCfg = Release|Any CPU
		{BADFF8E8-3EA2-4BAF-98F6-362F4B7410F0}.Release|Mixed Platforms.Build.0 = Release|Any CPU
		{BADFF8E8-3EA2-4BAF-98F6-362F4B7410F0}.Release|x86.ActiveCfg = Release|Any CPU
		{F8EF3FF4-BFAB-449B-AE89-791FA1BE2070}.Debug|Any CPU.ActiveCfg = Debug|Any CPU
		{F8EF3FF4-BFAB-449B-AE89-791FA1BE2070}.Debug|Any CPU.Build.0 = Debug|Any CPU
		{F8EF3FF4-BFAB-449B-AE89-791FA1BE2070}.Debug|Mixed Platforms.ActiveCfg = Debug|Any CPU
		{F8EF3FF4-BFAB-449B-AE89-791FA1BE2070}.Debug|Mixed Platforms.Build.0 = Debug|Any CPU
		{F8EF3FF4-BFAB-449B-AE89-791FA1BE2070}.Debug|x86.ActiveCfg = Debug|Any CPU
		{F8EF3FF4-BFAB-449B-AE89-791FA1BE2070}.Release|Any CPU.ActiveCfg = Release|Any CPU
		{F8EF3FF4-BFAB-449B-AE89-791FA1BE2070}.Release|Any CPU.Build.0 = Release|Any CPU
		{F8EF3FF4-BFAB-449B-AE89-791FA1BE2070}.Release|Mixed Platforms.ActiveCfg = Release|Any CPU
		{F8EF3FF4-BFAB-449B-AE89-791FA1BE2070}.Release|Mixed Platforms.Build.0 = Release|Any CPU
		{F8EF3FF4-BFAB-449B-AE89-791FA1BE2070}.Release|x86.ActiveCfg = Release|Any CPU
		{A6B494E6-7B95-486E-913A-602D7FF475D8}.Debug|Any CPU.ActiveCfg = Debug|Any CPU
		{A6B494E6-7B95-486E-913A-602D7FF475D8}.Debug|Any CPU.Build.0 = Debug|Any CPU
		{A6B494E6-7B95-486E-913A-602D7FF475D8}.Debug|Mixed Platforms.ActiveCfg = Debug|Any CPU
		{A6B494E6-7B95-486E-913A-602D7FF475D8}.Debug|Mixed Platforms.Build.0 = Debug|Any CPU
		{A6B494E6-7B95-486E-913A-602D7FF475D8}.Debug|x86.ActiveCfg = Debug|Any CPU
		{A6B494E6-7B95-486E-913A-602D7FF475D8}.Release|Any CPU.ActiveCfg = Release|Any CPU
		{A6B494E6-7B95-486E-913A-602D7FF475D8}.Release|Any CPU.Build.0 = Release|Any CPU
		{A6B494E6-7B95-486E-913A-602D7FF475D8}.Release|Mixed Platforms.ActiveCfg = Release|Any CPU
		{A6B494E6-7B95-486E-913A-602D7FF475D8}.Release|Mixed Platforms.Build.0 = Release|Any CPU
		{A6B494E6-7B95-486E-913A-602D7FF475D8}.Release|x86.ActiveCfg = Release|Any CPU
	EndGlobalSection
	GlobalSection(SolutionProperties) = preSolution
		HideSolutionNode = FALSE
	EndGlobalSection
	GlobalSection(NestedProjects) = preSolution
		{1D6D6C5E-5FEA-437C-A81A-FE541BCBE6DA} = {EBB529B5-E320-447E-BE9F-8F832AB5673E}
		{F8EF3FF4-BFAB-449B-AE89-791FA1BE2070} = {EBB529B5-E320-447E-BE9F-8F832AB5673E}
		{7B62C664-A3E5-468E-ADCC-E814812EA0BD} = {2DC6741B-D557-4040-BCF0-55B35C7D49B1}
		{6DF7433C-EAE9-4ADA-9C0F-64326F2B25CF} = {2DC6741B-D557-4040-BCF0-55B35C7D49B1}
		{C9047A67-4BE1-4967-A2BC-10F82A211085} = {2DC6741B-D557-4040-BCF0-55B35C7D49B1}
		{B436ED0F-9DEF-4720-AF30-B1C01B6FABB2} = {2DC6741B-D557-4040-BCF0-55B35C7D49B1}
		{847010A7-9EBE-4206-B75D-A8FDEEFBED4C} = {8CF5F924-46B4-4BCC-B56C-E6B746DDAAE5}
		{D9FE440C-4A6F-4AC3-A7CC-9E443E301022} = {8CF5F924-46B4-4BCC-B56C-E6B746DDAAE5}
		{D8D1450F-BB50-49CE-BF13-4563DF593356} = {15F9D82F-6F67-411D-B7A0-7FC781E94B0F}
		{BADFF8E8-3EA2-4BAF-98F6-362F4B7410F0} = {15F9D82F-6F67-411D-B7A0-7FC781E94B0F}
		{269FD226-C47D-4027-B8EF-2DB00C8BDBFB} = {69C22493-AA6A-4A52-AE78-3BB13FDF6EE4}
		{A6B494E6-7B95-486E-913A-602D7FF475D8} = {70E52918-E5BA-4470-986F-6A853FD98DA5}
	EndGlobalSection
EndGlobal
